// !$*UTF8*$!
{
	archiveVersion = 1;
	classes = {
	};
	objectVersion = 56;
	objects = {

/* Begin PBXBuildFile section */
		874ADA0F2C0F3E9A001CB429 /* AppDelegate.swift in Sources */ = {isa = PBXBuildFile; fileRef = 874ADA0E2C0F3E9A001CB429 /* AppDelegate.swift */; };
		874ADA112C0F3E9A001CB429 /* SceneDelegate.swift in Sources */ = {isa = PBXBuildFile; fileRef = 874ADA102C0F3E9A001CB429 /* SceneDelegate.swift */; };
		874ADA132C0F3E9A001CB429 /* ContactListViewController.swift in Sources */ = {isa = PBXBuildFile; fileRef = 874ADA122C0F3E9A001CB429 /* ContactListViewController.swift */; };
		874ADA162C0F3E9A001CB429 /* Base in Resources */ = {isa = PBXBuildFile; fileRef = 874ADA152C0F3E9A001CB429 /* Base */; };
		874ADA182C0F3E9C001CB429 /* Assets.xcassets in Resources */ = {isa = PBXBuildFile; fileRef = 874ADA172C0F3E9C001CB429 /* Assets.xcassets */; };
		874ADA1B2C0F3E9C001CB429 /* Base in Resources */ = {isa = PBXBuildFile; fileRef = 874ADA1A2C0F3E9C001CB429 /* Base */; };
		874ADA232C0F3F31001CB429 /* DetailViewController.swift in Sources */ = {isa = PBXBuildFile; fileRef = 874ADA222C0F3F31001CB429 /* DetailViewController.swift */; };
		874ADA252C0F4164001CB429 /* DataStore.swift in Sources */ = {isa = PBXBuildFile; fileRef = 874ADA242C0F4164001CB429 /* DataStore.swift */; };
		879246A12C10B0BE00375AE1 /* ContactsDetailViewController.swift in Sources */ = {isa = PBXBuildFile; fileRef = 879246A02C10B0BE00375AE1 /* ContactsDetailViewController.swift */; };
		87954FA82C0F488A00824F36 /* Person.swift in Sources */ = {isa = PBXBuildFile; fileRef = 87954FA72C0F488A00824F36 /* Person.swift */; };
/* End PBXBuildFile section */

/* Begin PBXFileReference section */
		874ADA0B2C0F3E9A001CB429 /* SingleViewApp.app */ = {isa = PBXFileReference; explicitFileType = wrapper.application; includeInIndex = 0; path = SingleViewApp.app; sourceTree = BUILT_PRODUCTS_DIR; };
		874ADA0E2C0F3E9A001CB429 /* AppDelegate.swift */ = {isa = PBXFileReference; lastKnownFileType = sourcecode.swift; path = AppDelegate.swift; sourceTree = "<group>"; };
		874ADA102C0F3E9A001CB429 /* SceneDelegate.swift */ = {isa = PBXFileReference; lastKnownFileType = sourcecode.swift; path = SceneDelegate.swift; sourceTree = "<group>"; };
		874ADA122C0F3E9A001CB429 /* ContactListViewController.swift */ = {isa = PBXFileReference; lastKnownFileType = sourcecode.swift; path = ContactListViewController.swift; sourceTree = "<group>"; };
		874ADA152C0F3E9A001CB429 /* Base */ = {isa = PBXFileReference; lastKnownFileType = file.storyboard; name = Base; path = Base.lproj/Main.storyboard; sourceTree = "<group>"; };
		874ADA172C0F3E9C001CB429 /* Assets.xcassets */ = {isa = PBXFileReference; lastKnownFileType = folder.assetcatalog; path = Assets.xcassets; sourceTree = "<group>"; };
		874ADA1A2C0F3E9C001CB429 /* Base */ = {isa = PBXFileReference; lastKnownFileType = file.storyboard; name = Base; path = Base.lproj/LaunchScreen.storyboard; sourceTree = "<group>"; };
		874ADA1C2C0F3E9C001CB429 /* Info.plist */ = {isa = PBXFileReference; lastKnownFileType = text.plist.xml; path = Info.plist; sourceTree = "<group>"; };
		874ADA222C0F3F31001CB429 /* DetailViewController.swift */ = {isa = PBXFileReference; lastKnownFileType = sourcecode.swift; path = DetailViewController.swift; sourceTree = "<group>"; };
		874ADA242C0F4164001CB429 /* DataStore.swift */ = {isa = PBXFileReference; lastKnownFileType = sourcecode.swift; path = DataStore.swift; sourceTree = "<group>"; };
		879246A02C10B0BE00375AE1 /* ContactsDetailViewController.swift */ = {isa = PBXFileReference; lastKnownFileType = sourcecode.swift; path = ContactsDetailViewController.swift; sourceTree = "<group>"; };
		87954FA72C0F488A00824F36 /* Person.swift */ = {isa = PBXFileReference; lastKnownFileType = sourcecode.swift; path = Person.swift; sourceTree = "<group>"; };
/* End PBXFileReference section */

/* Begin PBXFrameworksBuildPhase section */
		874ADA082C0F3E9A001CB429 /* Frameworks */ = {
			isa = PBXFrameworksBuildPhase;
			buildActionMask = 2147483647;
			files = (
			);
			runOnlyForDeploymentPostprocessing = 0;
		};
/* End PBXFrameworksBuildPhase section */

/* Begin PBXGroup section */
		874ADA022C0F3E9A001CB429 = {
			isa = PBXGroup;
			children = (
				874ADA0D2C0F3E9A001CB429 /* SingleViewApp */,
				874ADA0C2C0F3E9A001CB429 /* Products */,
			);
			sourceTree = "<group>";
		};
		874ADA0C2C0F3E9A001CB429 /* Products */ = {
			isa = PBXGroup;
			children = (
				874ADA0B2C0F3E9A001CB429 /* SingleViewApp.app */,
			);
			name = Products;
			sourceTree = "<group>";
		};
		874ADA0D2C0F3E9A001CB429 /* SingleViewApp */ = {
			isa = PBXGroup;
			children = (
				87954FA92C0F4CDD00824F36 /* ViewControllers */,
				87954FAB2C0F4D4B00824F36 /* Models */,
				87954FAA2C0F4D2900824F36 /* Services */,
				87954FAC2C0F4D7C00824F36 /* Storyboards */,
				87954FAD2C0F4D9400824F36 /* App */,
				874ADA172C0F3E9C001CB429 /* Assets.xcassets */,
				874ADA1C2C0F3E9C001CB429 /* Info.plist */,
			);
			path = SingleViewApp;
			sourceTree = "<group>";
		};
		87954FA92C0F4CDD00824F36 /* ViewControllers */ = {
			isa = PBXGroup;
			children = (
				874ADA122C0F3E9A001CB429 /* ContactListViewController.swift */,
				874ADA222C0F3F31001CB429 /* DetailViewController.swift */,
				879246A02C10B0BE00375AE1 /* ContactsDetailViewController.swift */,
			);
			path = ViewControllers;
			sourceTree = "<group>";
		};
		87954FAA2C0F4D2900824F36 /* Services */ = {
			isa = PBXGroup;
			children = (
				874ADA242C0F4164001CB429 /* DataStore.swift */,
			);
			path = Services;
			sourceTree = "<group>";
		};
		87954FAB2C0F4D4B00824F36 /* Models */ = {
			isa = PBXGroup;
			children = (
				87954FA72C0F488A00824F36 /* Person.swift */,
			);
			path = Models;
			sourceTree = "<group>";
		};
		87954FAC2C0F4D7C00824F36 /* Storyboards */ = {
			isa = PBXGroup;
			children = (
				874ADA142C0F3E9A001CB429 /* Main.storyboard */,
				874ADA192C0F3E9C001CB429 /* LaunchScreen.storyboard */,
			);
			path = Storyboards;
			sourceTree = "<group>";
		};
		87954FAD2C0F4D9400824F36 /* App */ = {
			isa = PBXGroup;
			children = (
				874ADA0E2C0F3E9A001CB429 /* AppDelegate.swift */,
				874ADA102C0F3E9A001CB429 /* SceneDelegate.swift */,
			);
			path = App;
			sourceTree = "<group>";
		};
/* End PBXGroup section */

/* Begin PBXNativeTarget section */
		874ADA0A2C0F3E9A001CB429 /* SingleViewApp */ = {
			isa = PBXNativeTarget;
			buildConfigurationList = 874ADA1F2C0F3E9C001CB429 /* Build configuration list for PBXNativeTarget "SingleViewApp" */;
			buildPhases = (
				874ADA072C0F3E9A001CB429 /* Sources */,
				874ADA082C0F3E9A001CB429 /* Frameworks */,
				874ADA092C0F3E9A001CB429 /* Resources */,
			);
			buildRules = (
			);
			dependencies = (
			);
			name = SingleViewApp;
			productName = SingleViewApp;
			productReference = 874ADA0B2C0F3E9A001CB429 /* SingleViewApp.app */;
			productType = "com.apple.product-type.application";
		};
/* End PBXNativeTarget section */

/* Begin PBXProject section */
		874ADA032C0F3E9A001CB429 /* Project object */ = {
			isa = PBXProject;
			attributes = {
				BuildIndependentTargetsInParallel = 1;
				LastSwiftUpdateCheck = 1540;
				LastUpgradeCheck = 1540;
				TargetAttributes = {
					874ADA0A2C0F3E9A001CB429 = {
						CreatedOnToolsVersion = 15.4;
					};
				};
			};
			buildConfigurationList = 874ADA062C0F3E9A001CB429 /* Build configuration list for PBXProject "SingleViewApp" */;
			compatibilityVersion = "Xcode 14.0";
			developmentRegion = en;
			hasScannedForEncodings = 0;
			knownRegions = (
				en,
				Base,
			);
			mainGroup = 874ADA022C0F3E9A001CB429;
			productRefGroup = 874ADA0C2C0F3E9A001CB429 /* Products */;
			projectDirPath = "";
			projectRoot = "";
			targets = (
				874ADA0A2C0F3E9A001CB429 /* SingleViewApp */,
			);
		};
/* End PBXProject section */

/* Begin PBXResourcesBuildPhase section */
		874ADA092C0F3E9A001CB429 /* Resources */ = {
			isa = PBXResourcesBuildPhase;
			buildActionMask = 2147483647;
			files = (
				874ADA182C0F3E9C001CB429 /* Assets.xcassets in Resources */,
				874ADA1B2C0F3E9C001CB429 /* Base in Resources */,
				874ADA162C0F3E9A001CB429 /* Base in Resources */,
			);
			runOnlyForDeploymentPostprocessing = 0;
		};
/* End PBXResourcesBuildPhase section */

/* Begin PBXSourcesBuildPhase section */
		874ADA072C0F3E9A001CB429 /* Sources */ = {
			isa = PBXSourcesBuildPhase;
			buildActionMask = 2147483647;
			files = (
				87954FA82C0F488A00824F36 /* Person.swift in Sources */,
				874ADA132C0F3E9A001CB429 /* ContactListViewController.swift in Sources */,
				874ADA0F2C0F3E9A001CB429 /* AppDelegate.swift in Sources */,
				879246A12C10B0BE00375AE1 /* ContactsDetailViewController.swift in Sources */,
				874ADA112C0F3E9A001CB429 /* SceneDelegate.swift in Sources */,
				874ADA252C0F4164001CB429 /* DataStore.swift in Sources */,
				874ADA232C0F3F31001CB429 /* DetailViewController.swift in Sources */,
			);
			runOnlyForDeploymentPostprocessing = 0;
		};
/* End PBXSourcesBuildPhase section */

/* Begin PBXVariantGroup section */
		874ADA142C0F3E9A001CB429 /* Main.storyboard */ = {
			isa = PBXVariantGroup;
			children = (
				874ADA152C0F3E9A001CB429 /* Base */,
			);
			name = Main.storyboard;
			sourceTree = "<group>";
		};
		874ADA192C0F3E9C001CB429 /* LaunchScreen.storyboard */ = {
			isa = PBXVariantGroup;
			children = (
				874ADA1A2C0F3E9C001CB429 /* Base */,
			);
			name = LaunchScreen.storyboard;
			sourceTree = "<group>";
		};
/* End PBXVariantGroup section */

/* Begin XCBuildConfiguration section */
		874ADA1D2C0F3E9C001CB429 /* Debug */ = {
			isa = XCBuildConfiguration;
			buildSettings = {
				ALWAYS_SEARCH_USER_PATHS = NO;
				ASSETCATALOG_COMPILER_GENERATE_SWIFT_ASSET_SYMBOL_EXTENSIONS = YES;
				CLANG_ANALYZER_NONNULL = YES;
				CLANG_ANALYZER_NUMBER_OBJECT_CONVERSION = YES_AGGRESSIVE;
				CLANG_CXX_LANGUAGE_STANDARD = "gnu++20";
				CLANG_ENABLE_MODULES = YES;
				CLANG_ENABLE_OBJC_ARC = YES;
				CLANG_ENABLE_OBJC_WEAK = YES;
				CLANG_WARN_BLOCK_CAPTURE_AUTORELEASING = YES;
				CLANG_WARN_BOOL_CONVERSION = YES;
				CLANG_WARN_COMMA = YES;
				CLANG_WARN_CONSTANT_CONVERSION = YES;
				CLANG_WARN_DEPRECATED_OBJC_IMPLEMENTATIONS = YES;
				CLANG_WARN_DIRECT_OBJC_ISA_USAGE = YES_ERROR;
				CLANG_WARN_DOCUMENTATION_COMMENTS = YES;
				CLANG_WARN_EMPTY_BODY = YES;
				CLANG_WARN_ENUM_CONVERSION = YES;
				CLANG_WARN_INFINITE_RECURSION = YES;
				CLANG_WARN_INT_CONVERSION = YES;
				CLANG_WARN_NON_LITERAL_NULL_CONVERSION = YES;
				CLANG_WARN_OBJC_IMPLICIT_RETAIN_SELF = YES;
				CLANG_WARN_OBJC_LITERAL_CONVERSION = YES;
				CLANG_WARN_OBJC_ROOT_CLASS = YES_ERROR;
				CLANG_WARN_QUOTED_INCLUDE_IN_FRAMEWORK_HEADER = YES;
				CLANG_WARN_RANGE_LOOP_ANALYSIS = YES;
				CLANG_WARN_STRICT_PROTOTYPES = YES;
				CLANG_WARN_SUSPICIOUS_MOVE = YES;
				CLANG_WARN_UNGUARDED_AVAILABILITY = YES_AGGRESSIVE;
				CLANG_WARN_UNREACHABLE_CODE = YES;
				CLANG_WARN__DUPLICATE_METHOD_MATCH = YES;
				COPY_PHASE_STRIP = NO;
				DEBUG_INFORMATION_FORMAT = dwarf;
				ENABLE_STRICT_OBJC_MSGSEND = YES;
				ENABLE_TESTABILITY = YES;
				ENABLE_USER_SCRIPT_SANDBOXING = YES;
				GCC_C_LANGUAGE_STANDARD = gnu17;
				GCC_DYNAMIC_NO_PIC = NO;
				GCC_NO_COMMON_BLOCKS = YES;
				GCC_OPTIMIZATION_LEVEL = 0;
				GCC_PREPROCESSOR_DEFINITIONS = (
					"DEBUG=1",
					"$(inherited)",
				);
				GCC_WARN_64_TO_32_BIT_CONVERSION = YES;
				GCC_WARN_ABOUT_RETURN_TYPE = YES_ERROR;
				GCC_WARN_UNDECLARED_SELECTOR = YES;
				GCC_WARN_UNINITIALIZED_AUTOS = YES_AGGRESSIVE;
				GCC_WARN_UNUSED_FUNCTION = YES;
				GCC_WARN_UNUSED_VARIABLE = YES;
				IPHONEOS_DEPLOYMENT_TARGET = 17.5;
				LOCALIZATION_PREFERS_STRING_CATALOGS = YES;
				MTL_ENABLE_DEBUG_INFO = INCLUDE_SOURCE;
				MTL_FAST_MATH = YES;
				ONLY_ACTIVE_ARCH = YES;
				SDKROOT = iphoneos;
				SWIFT_ACTIVE_COMPILATION_CONDITIONS = "DEBUG $(inherited)";
				SWIFT_OPTIMIZATION_LEVEL = "-Onone";
			};
			name = Debug;
		};
		874ADA1E2C0F3E9C001CB429 /* Release */ = {
			isa = XCBuildConfiguration;
			buildSettings = {
				ALWAYS_SEARCH_USER_PATHS = NO;
				ASSETCATALOG_COMPILER_GENERATE_SWIFT_ASSET_SYMBOL_EXTENSIONS = YES;
				CLANG_ANALYZER_NONNULL = YES;
				CLANG_ANALYZER_NUMBER_OBJECT_CONVERSION = YES_AGGRESSIVE;
				CLANG_CXX_LANGUAGE_STANDARD = "gnu++20";
				CLANG_ENABLE_MODULES = YES;
				CLANG_ENABLE_OBJC_ARC = YES;
				CLANG_ENABLE_OBJC_WEAK = YES;
				CLANG_WARN_BLOCK_CAPTURE_AUTORELEASING = YES;
				CLANG_WARN_BOOL_CONVERSION = YES;
				CLANG_WARN_COMMA = YES;
				CLANG_WARN_CONSTANT_CONVERSION = YES;
				CLANG_WARN_DEPRECATED_OBJC_IMPLEMENTATIONS = YES;
				CLANG_WARN_DIRECT_OBJC_ISA_USAGE = YES_ERROR;
				CLANG_WARN_DOCUMENTATION_COMMENTS = YES;
				CLANG_WARN_EMPTY_BODY = YES;
				CLANG_WARN_ENUM_CONVERSION = YES;
				CLANG_WARN_INFINITE_RECURSION = YES;
				CLANG_WARN_INT_CONVERSION = YES;
				CLANG_WARN_NON_LITERAL_NULL_CONVERSION = YES;
				CLANG_WARN_OBJC_IMPLICIT_RETAIN_SELF = YES;
				CLANG_WARN_OBJC_LITERAL_CONVERSION = YES;
				CLANG_WARN_OBJC_ROOT_CLASS = YES_ERROR;
				CLANG_WARN_QUOTED_INCLUDE_IN_FRAMEWORK_HEADER = YES;
				CLANG_WARN_RANGE_LOOP_ANALYSIS = YES;
				CLANG_WARN_STRICT_PROTOTYPES = YES;
				CLANG_WARN_SUSPICIOUS_MOVE = YES;
				CLANG_WARN_UNGUARDED_AVAILABILITY = YES_AGGRESSIVE;
				CLANG_WARN_UNREACHABLE_CODE = YES;
				CLANG_WARN__DUPLICATE_METHOD_MATCH = YES;
				COPY_PHASE_STRIP = NO;
				DEBUG_INFORMATION_FORMAT = "dwarf-with-dsym";
				ENABLE_NS_ASSERTIONS = NO;
				ENABLE_STRICT_OBJC_MSGSEND = YES;
				ENABLE_USER_SCRIPT_SANDBOXING = YES;
				GCC_C_LANGUAGE_STANDARD = gnu17;
				GCC_NO_COMMON_BLOCKS = YES;
				GCC_WARN_64_TO_32_BIT_CONVERSION = YES;
				GCC_WARN_ABOUT_RETURN_TYPE = YES_ERROR;
				GCC_WARN_UNDECLARED_SELECTOR = YES;
				GCC_WARN_UNINITIALIZED_AUTOS = YES_AGGRESSIVE;
				GCC_WARN_UNUSED_FUNCTION = YES;
				GCC_WARN_UNUSED_VARIABLE = YES;
				IPHONEOS_DEPLOYMENT_TARGET = 17.5;
				LOCALIZATION_PREFERS_STRING_CATALOGS = YES;
				MTL_ENABLE_DEBUG_INFO = NO;
				MTL_FAST_MATH = YES;
				SDKROOT = iphoneos;
				SWIFT_COMPILATION_MODE = wholemodule;
				VALIDATE_PRODUCT = YES;
			};
			name = Release;
		};
		874ADA202C0F3E9C001CB429 /* Debug */ = {
			isa = XCBuildConfiguration;
			buildSettings = {
				ASSETCATALOG_COMPILER_APPICON_NAME = AppIcon;
				ASSETCATALOG_COMPILER_GLOBAL_ACCENT_COLOR_NAME = AccentColor;
				CODE_SIGN_STYLE = Automatic;
				CURRENT_PROJECT_VERSION = 1;
				GENERATE_INFOPLIST_FILE = YES;
				INFOPLIST_FILE = SingleViewApp/Info.plist;
				INFOPLIST_KEY_UIApplicationSupportsIndirectInputEvents = YES;
				INFOPLIST_KEY_UILaunchStoryboardName = LaunchScreen;
				INFOPLIST_KEY_UIMainStoryboardFile = Main;
				INFOPLIST_KEY_UISupportedInterfaceOrientations_iPad = "UIInterfaceOrientationPortrait UIInterfaceOrientationPortraitUpsideDown UIInterfaceOrientationLandscapeLeft UIInterfaceOrientationLandscapeRight";
				INFOPLIST_KEY_UISupportedInterfaceOrientations_iPhone = "UIInterfaceOrientationPortrait UIInterfaceOrientationLandscapeLeft UIInterfaceOrientationLandscapeRight";
				LD_RUNPATH_SEARCH_PATHS = (
					"$(inherited)",
					"@executable_path/Frameworks",
				);
				MARKETING_VERSION = 1.0;
				PRODUCT_BUNDLE_IDENTIFIER = den.SingleViewApp;
				PRODUCT_NAME = "$(TARGET_NAME)";
				SWIFT_EMIT_LOC_STRINGS = YES;
				SWIFT_VERSION = 5.0;
				TARGETED_DEVICE_FAMILY = "1,2";
			};
			name = Debug;
		};
		874ADA212C0F3E9C001CB429 /* Release */ = {
			isa = XCBuildConfiguration;
			buildSettings = {
				ASSETCATALOG_COMPILER_APPICON_NAME = AppIcon;
				ASSETCATALOG_COMPILER_GLOBAL_ACCENT_COLOR_NAME = AccentColor;
				CODE_SIGN_STYLE = Automatic;
				CURRENT_PROJECT_VERSION = 1;
				GENERATE_INFOPLIST_FILE = YES;
				INFOPLIST_FILE = SingleViewApp/Info.plist;
				INFOPLIST_KEY_UIApplicationSupportsIndirectInputEvents = YES;
				INFOPLIST_KEY_UILaunchStoryboardName = LaunchScreen;
				INFOPLIST_KEY_UIMainStoryboardFile = Main;
				INFOPLIST_KEY_UISupportedInterfaceOrientations_iPad = "UIInterfaceOrientationPortrait UIInterfaceOrientationPortraitUpsideDown UIInterfaceOrientationLandscapeLeft UIInterfaceOrientationLandscapeRight";
				INFOPLIST_KEY_UISupportedInterfaceOrientations_iPhone = "UIInterfaceOrientationPortrait UIInterfaceOrientationLandscapeLeft UIInterfaceOrientationLandscapeRight";
				LD_RUNPATH_SEARCH_PATHS = (
					"$(inherited)",
					"@executable_path/Frameworks",
				);
				MARKETING_VERSION = 1.0;
				PRODUCT_BUNDLE_IDENTIFIER = den.SingleViewApp;
				PRODUCT_NAME = "$(TARGET_NAME)";
				SWIFT_EMIT_LOC_STRINGS = YES;
				SWIFT_VERSION = 5.0;
				TARGETED_DEVICE_FAMILY = "1,2";
			};
			name = Release;
		};
/* End XCBuildConfiguration section */

/* Begin XCConfigurationList section */
		874ADA062C0F3E9A001CB429 /* Build configuration list for PBXProject "SingleViewApp" */ = {
			isa = XCConfigurationList;
			buildConfigurations = (
				874ADA1D2C0F3E9C001CB429 /* Debug */,
				874ADA1E2C0F3E9C001CB429 /* Release */,
			);
			defaultConfigurationIsVisible = 0;
			defaultConfigurationName = Release;
		};
		874ADA1F2C0F3E9C001CB429 /* Build configuration list for PBXNativeTarget "SingleViewApp" */ = {
			isa = XCConfigurationList;
			buildConfigurations = (
				874ADA202C0F3E9C001CB429 /* Debug */,
				874ADA212C0F3E9C001CB429 /* Release */,
			);
			defaultConfigurationIsVisible = 0;
			defaultConfigurationName = Release;
		};
/* End XCConfigurationList section */
	};
	rootObject = 874ADA032C0F3E9A001CB429 /* Project object */;
}
